// !$*UTF8*$!
{
	archiveVersion = 1;
	classes = {
	};
	objectVersion = 55;
	objects = {

/* Begin PBXBuildFile section */
		300CB55D285F080B00C145F2 /* UserCommentModel.swift in Sources */ = {isa = PBXBuildFile; fileRef = 300CB55C285F080B00C145F2 /* UserCommentModel.swift */; };
		3019174328101FAA000EF599 /* AppDelegate.swift in Sources */ = {isa = PBXBuildFile; fileRef = 3019174228101FAA000EF599 /* AppDelegate.swift */; };
		3019174528101FAA000EF599 /* SceneDelegate.swift in Sources */ = {isa = PBXBuildFile; fileRef = 3019174428101FAA000EF599 /* SceneDelegate.swift */; };
		3019174728101FAA000EF599 /* ViewController.swift in Sources */ = {isa = PBXBuildFile; fileRef = 3019174628101FAA000EF599 /* ViewController.swift */; };
		3019174A28101FAA000EF599 /* Main.storyboard in Resources */ = {isa = PBXBuildFile; fileRef = 3019174828101FAA000EF599 /* Main.storyboard */; };
		3019174D28101FAA000EF599 /* GameReviewApp.xcdatamodeld in Sources */ = {isa = PBXBuildFile; fileRef = 3019174B28101FAA000EF599 /* GameReviewApp.xcdatamodeld */; };
		3019174F28101FB8000EF599 /* Assets.xcassets in Resources */ = {isa = PBXBuildFile; fileRef = 3019174E28101FB8000EF599 /* Assets.xcassets */; };
		3019175228101FB8000EF599 /* LaunchScreen.storyboard in Resources */ = {isa = PBXBuildFile; fileRef = 3019175028101FB8000EF599 /* LaunchScreen.storyboard */; };
		302E53A82858C3C400075815 /* GameReviewComment.swift in Sources */ = {isa = PBXBuildFile; fileRef = 302E53A72858C3C400075815 /* GameReviewComment.swift */; };
		302E53AA2858C43400075815 /* GameReviewComment.xib in Resources */ = {isa = PBXBuildFile; fileRef = 302E53A92858C43400075815 /* GameReviewComment.xib */; };
		302E53B0285A0C7400075815 /* FeedItem.swift in Sources */ = {isa = PBXBuildFile; fileRef = 302E53AF285A0C7400075815 /* FeedItem.swift */; };
		30332C4E2811914C00EF0873 /* UsereResistViewController.swift in Sources */ = {isa = PBXBuildFile; fileRef = 30332C4D2811914C00EF0873 /* UsereResistViewController.swift */; };
		30626D2428200E0800C353CE /* RecommendCollectionViewCell.swift in Sources */ = {isa = PBXBuildFile; fileRef = 30626D2228200E0800C353CE /* RecommendCollectionViewCell.swift */; };
		30626D2528200E0800C353CE /* RecommendCollectionViewCell.xib in Resources */ = {isa = PBXBuildFile; fileRef = 30626D2328200E0800C353CE /* RecommendCollectionViewCell.xib */; };
		309500B92846450700DAD92F /* ItemCaptionView.xib in Resources */ = {isa = PBXBuildFile; fileRef = 309500B82846450700DAD92F /* ItemCaptionView.xib */; };
		309500BB2846451A00DAD92F /* ItemCaptionView.swift in Sources */ = {isa = PBXBuildFile; fileRef = 309500BA2846451A00DAD92F /* ItemCaptionView.swift */; };
		30D6B04F287470DC0091B1B1 /* MyReviewCommentCell.swift in Sources */ = {isa = PBXBuildFile; fileRef = 30D6B04D287470DC0091B1B1 /* MyReviewCommentCell.swift */; };
		34C40CA5DC83DDB97914D122 /* Pods_GameReviewApp.framework in Frameworks */ = {isa = PBXBuildFile; fileRef = 403F4F5350306E5F1CEBD5B5 /* Pods_GameReviewApp.framework */; };
		D8031091284C811B00C4CE17 /* NewsTableViewController.swift in Sources */ = {isa = PBXBuildFile; fileRef = D803108F284C811B00C4CE17 /* NewsTableViewController.swift */; };
		D8031092284C811C00C4CE17 /* NewsTableViewController.xib in Resources */ = {isa = PBXBuildFile; fileRef = D8031090284C811B00C4CE17 /* NewsTableViewController.xib */; };
		D8031095284C819900C4CE17 /* NewsTableViewCell.swift in Sources */ = {isa = PBXBuildFile; fileRef = D8031093284C819900C4CE17 /* NewsTableViewCell.swift */; };
		D8031096284C819900C4CE17 /* NewsTableViewCell.xib in Resources */ = {isa = PBXBuildFile; fileRef = D8031094284C819900C4CE17 /* NewsTableViewCell.xib */; };
		D82BAB2F28431177008308D4 /* GameReview.xib in Resources */ = {isa = PBXBuildFile; fileRef = D82BAB2E28431177008308D4 /* GameReview.xib */; };
		D82BAB312843119E008308D4 /* GameReview.swift in Sources */ = {isa = PBXBuildFile; fileRef = D82BAB302843119E008308D4 /* GameReview.swift */; };
		D82BAB332843393F008308D4 /* CurrentUser.swift in Sources */ = {isa = PBXBuildFile; fileRef = D82BAB322843393F008308D4 /* CurrentUser.swift */; };
		D874DD552882521E009B2F4D /* NewsWebView.storyboard in Resources */ = {isa = PBXBuildFile; fileRef = D874DD542882521E009B2F4D /* NewsWebView.storyboard */; };
		D888B1CE28824D5C0095169E /* NewsWebView.swift in Sources */ = {isa = PBXBuildFile; fileRef = D888B1CD28824D5C0095169E /* NewsWebView.swift */; };
		D8A991DA282B636300BB3027 /* DetailsGameView.swift in Sources */ = {isa = PBXBuildFile; fileRef = D8A991D9282B636300BB3027 /* DetailsGameView.swift */; };
		D8A991DC282B637D00BB3027 /* DetailsGameView.xib in Resources */ = {isa = PBXBuildFile; fileRef = D8A991DB282B637D00BB3027 /* DetailsGameView.xib */; };
		D8B6620B282001F90040D030 /* SearchTableViewCell.swift in Sources */ = {isa = PBXBuildFile; fileRef = D8B66209282001F90040D030 /* SearchTableViewCell.swift */; };
		D8B6620C282001F90040D030 /* SearchTableViewCell.xib in Resources */ = {isa = PBXBuildFile; fileRef = D8B6620A282001F90040D030 /* SearchTableViewCell.xib */; };
		D8BAD0132847909800632744 /* SecondNewsViewController.swift in Sources */ = {isa = PBXBuildFile; fileRef = D8BAD0112847909800632744 /* SecondNewsViewController.swift */; };
		D8BAD0172847930200632744 /* FirstNewsViewController.swift in Sources */ = {isa = PBXBuildFile; fileRef = D8BAD0152847930200632744 /* FirstNewsViewController.swift */; };
		D8C277072812EE55005A8942 /* GoogleService-Info.plist in Resources */ = {isa = PBXBuildFile; fileRef = D8C277062812EE55005A8942 /* GoogleService-Info.plist */; };
		D8C2770D2816EF38005A8942 /* ReviewTopViewController.swift in Sources */ = {isa = PBXBuildFile; fileRef = D8C2770C2816EF38005A8942 /* ReviewTopViewController.swift */; };
		D8C2771328180FC9005A8942 /* SearchViewController.swift in Sources */ = {isa = PBXBuildFile; fileRef = D8C2771228180FC9005A8942 /* SearchViewController.swift */; };
		D8C2771728181015005A8942 /* NewsViewController.swift in Sources */ = {isa = PBXBuildFile; fileRef = D8C2771628181015005A8942 /* NewsViewController.swift */; };
		D8C2771D28181047005A8942 /* ProfileViewController.swift in Sources */ = {isa = PBXBuildFile; fileRef = D8C2771C28181047005A8942 /* ProfileViewController.swift */; };
		D8C277262819348F005A8942 /* HomeViewController.swift in Sources */ = {isa = PBXBuildFile; fileRef = D8C277252819348F005A8942 /* HomeViewController.swift */; };
		D8C2772828193498005A8942 /* Home.storyboard in Resources */ = {isa = PBXBuildFile; fileRef = D8C2772728193498005A8942 /* Home.storyboard */; };
		D8CCBFDF285DFD2A00F6E8BE /* ThirdNewsViewController.swift in Sources */ = {isa = PBXBuildFile; fileRef = D8CCBFDE285DFD2A00F6E8BE /* ThirdNewsViewController.swift */; };
		D8D82D722886F2200002F0BD /* MyReviewCommentCell.xib in Resources */ = {isa = PBXBuildFile; fileRef = D8D82D712886F2200002F0BD /* MyReviewCommentCell.xib */; };
		D8FAED95281BBB490092A525 /* ReviewTop.storyboard in Resources */ = {isa = PBXBuildFile; fileRef = D8FAED94281BBB490092A525 /* ReviewTop.storyboard */; };
		D8FAED97281BC0200092A525 /* Search.storyboard in Resources */ = {isa = PBXBuildFile; fileRef = D8FAED96281BC0200092A525 /* Search.storyboard */; };
		D8FAED99281BC02A0092A525 /* News.storyboard in Resources */ = {isa = PBXBuildFile; fileRef = D8FAED98281BC02A0092A525 /* News.storyboard */; };
		D8FAED9B281BC0370092A525 /* Profile.storyboard in Resources */ = {isa = PBXBuildFile; fileRef = D8FAED9A281BC0370092A525 /* Profile.storyboard */; };
/* End PBXBuildFile section */

/* Begin PBXFileReference section */
		300CB55C285F080B00C145F2 /* UserCommentModel.swift */ = {isa = PBXFileReference; lastKnownFileType = sourcecode.swift; path = UserCommentModel.swift; sourceTree = "<group>"; };
		3019173F28101FAA000EF599 /* GameReviewApp.app */ = {isa = PBXFileReference; explicitFileType = wrapper.application; includeInIndex = 0; path = GameReviewApp.app; sourceTree = BUILT_PRODUCTS_DIR; };
		3019174228101FAA000EF599 /* AppDelegate.swift */ = {isa = PBXFileReference; lastKnownFileType = sourcecode.swift; path = AppDelegate.swift; sourceTree = "<group>"; };
		3019174428101FAA000EF599 /* SceneDelegate.swift */ = {isa = PBXFileReference; lastKnownFileType = sourcecode.swift; path = SceneDelegate.swift; sourceTree = "<group>"; };
		3019174628101FAA000EF599 /* ViewController.swift */ = {isa = PBXFileReference; lastKnownFileType = sourcecode.swift; path = ViewController.swift; sourceTree = "<group>"; };
		3019174928101FAA000EF599 /* Base */ = {isa = PBXFileReference; lastKnownFileType = file.storyboard; name = Base; path = Base.lproj/Main.storyboard; sourceTree = "<group>"; };
		3019174C28101FAA000EF599 /* GameReviewApp.xcdatamodel */ = {isa = PBXFileReference; lastKnownFileType = wrapper.xcdatamodel; path = GameReviewApp.xcdatamodel; sourceTree = "<group>"; };
		3019174E28101FB8000EF599 /* Assets.xcassets */ = {isa = PBXFileReference; lastKnownFileType = folder.assetcatalog; path = Assets.xcassets; sourceTree = "<group>"; };
		3019175128101FB8000EF599 /* Base */ = {isa = PBXFileReference; lastKnownFileType = file.storyboard; name = Base; path = Base.lproj/LaunchScreen.storyboard; sourceTree = "<group>"; };
		3019175328101FB8000EF599 /* Info.plist */ = {isa = PBXFileReference; lastKnownFileType = text.plist.xml; path = Info.plist; sourceTree = "<group>"; };
		302E53A72858C3C400075815 /* GameReviewComment.swift */ = {isa = PBXFileReference; lastKnownFileType = sourcecode.swift; path = GameReviewComment.swift; sourceTree = "<group>"; };
		302E53A92858C43400075815 /* GameReviewComment.xib */ = {isa = PBXFileReference; lastKnownFileType = file.xib; path = GameReviewComment.xib; sourceTree = "<group>"; };
		302E53AF285A0C7400075815 /* FeedItem.swift */ = {isa = PBXFileReference; lastKnownFileType = sourcecode.swift; path = FeedItem.swift; sourceTree = "<group>"; };
		30332C4D2811914C00EF0873 /* UsereResistViewController.swift */ = {isa = PBXFileReference; lastKnownFileType = sourcecode.swift; path = UsereResistViewController.swift; sourceTree = "<group>"; };
		30626D2228200E0800C353CE /* RecommendCollectionViewCell.swift */ = {isa = PBXFileReference; lastKnownFileType = sourcecode.swift; path = RecommendCollectionViewCell.swift; sourceTree = "<group>"; };
		30626D2328200E0800C353CE /* RecommendCollectionViewCell.xib */ = {isa = PBXFileReference; lastKnownFileType = file.xib; path = RecommendCollectionViewCell.xib; sourceTree = "<group>"; };
		309500B82846450700DAD92F /* ItemCaptionView.xib */ = {isa = PBXFileReference; lastKnownFileType = file.xib; path = ItemCaptionView.xib; sourceTree = "<group>"; };
		309500BA2846451A00DAD92F /* ItemCaptionView.swift */ = {isa = PBXFileReference; lastKnownFileType = sourcecode.swift; path = ItemCaptionView.swift; sourceTree = "<group>"; };
		30D6B04D287470DC0091B1B1 /* MyReviewCommentCell.swift */ = {isa = PBXFileReference; lastKnownFileType = sourcecode.swift; path = MyReviewCommentCell.swift; sourceTree = "<group>"; };
		403F4F5350306E5F1CEBD5B5 /* Pods_GameReviewApp.framework */ = {isa = PBXFileReference; explicitFileType = wrapper.framework; includeInIndex = 0; path = Pods_GameReviewApp.framework; sourceTree = BUILT_PRODUCTS_DIR; };
		7ADA35CF5365EB7C7D0C1C00 /* Pods-GameReviewApp.release.xcconfig */ = {isa = PBXFileReference; includeInIndex = 1; lastKnownFileType = text.xcconfig; name = "Pods-GameReviewApp.release.xcconfig"; path = "Target Support Files/Pods-GameReviewApp/Pods-GameReviewApp.release.xcconfig"; sourceTree = "<group>"; };
		D803108F284C811B00C4CE17 /* NewsTableViewController.swift */ = {isa = PBXFileReference; lastKnownFileType = sourcecode.swift; path = NewsTableViewController.swift; sourceTree = "<group>"; };
		D8031090284C811B00C4CE17 /* NewsTableViewController.xib */ = {isa = PBXFileReference; lastKnownFileType = file.xib; path = NewsTableViewController.xib; sourceTree = "<group>"; };
		D8031093284C819900C4CE17 /* NewsTableViewCell.swift */ = {isa = PBXFileReference; lastKnownFileType = sourcecode.swift; path = NewsTableViewCell.swift; sourceTree = "<group>"; };
		D8031094284C819900C4CE17 /* NewsTableViewCell.xib */ = {isa = PBXFileReference; lastKnownFileType = file.xib; path = NewsTableViewCell.xib; sourceTree = "<group>"; };
		D82BAB2E28431177008308D4 /* GameReview.xib */ = {isa = PBXFileReference; lastKnownFileType = file.xib; path = GameReview.xib; sourceTree = "<group>"; };
		D82BAB302843119E008308D4 /* GameReview.swift */ = {isa = PBXFileReference; lastKnownFileType = sourcecode.swift; path = GameReview.swift; sourceTree = "<group>"; };
		D82BAB322843393F008308D4 /* CurrentUser.swift */ = {isa = PBXFileReference; lastKnownFileType = sourcecode.swift; path = CurrentUser.swift; sourceTree = "<group>"; };
		D874DD542882521E009B2F4D /* NewsWebView.storyboard */ = {isa = PBXFileReference; lastKnownFileType = file.storyboard; path = NewsWebView.storyboard; sourceTree = "<group>"; };
		D888B1CD28824D5C0095169E /* NewsWebView.swift */ = {isa = PBXFileReference; lastKnownFileType = sourcecode.swift; path = NewsWebView.swift; sourceTree = "<group>"; };
		D8A991D9282B636300BB3027 /* DetailsGameView.swift */ = {isa = PBXFileReference; lastKnownFileType = sourcecode.swift; path = DetailsGameView.swift; sourceTree = "<group>"; };
		D8A991DB282B637D00BB3027 /* DetailsGameView.xib */ = {isa = PBXFileReference; lastKnownFileType = file.xib; path = DetailsGameView.xib; sourceTree = "<group>"; };
		D8B66209282001F90040D030 /* SearchTableViewCell.swift */ = {isa = PBXFileReference; lastKnownFileType = sourcecode.swift; path = SearchTableViewCell.swift; sourceTree = "<group>"; };
		D8B6620A282001F90040D030 /* SearchTableViewCell.xib */ = {isa = PBXFileReference; lastKnownFileType = file.xib; path = SearchTableViewCell.xib; sourceTree = "<group>"; };
		D8BAD0112847909800632744 /* SecondNewsViewController.swift */ = {isa = PBXFileReference; lastKnownFileType = sourcecode.swift; path = SecondNewsViewController.swift; sourceTree = "<group>"; };
		D8BAD0152847930200632744 /* FirstNewsViewController.swift */ = {isa = PBXFileReference; lastKnownFileType = sourcecode.swift; path = FirstNewsViewController.swift; sourceTree = "<group>"; };
		D8C277062812EE55005A8942 /* GoogleService-Info.plist */ = {isa = PBXFileReference; fileEncoding = 4; lastKnownFileType = text.plist.xml; name = "GoogleService-Info.plist"; path = "../../GoogleService-Info.plist"; sourceTree = "<group>"; };
		D8C2770C2816EF38005A8942 /* ReviewTopViewController.swift */ = {isa = PBXFileReference; lastKnownFileType = sourcecode.swift; path = ReviewTopViewController.swift; sourceTree = "<group>"; };
		D8C2771228180FC9005A8942 /* SearchViewController.swift */ = {isa = PBXFileReference; lastKnownFileType = sourcecode.swift; path = SearchViewController.swift; sourceTree = "<group>"; };
		D8C2771628181015005A8942 /* NewsViewController.swift */ = {isa = PBXFileReference; lastKnownFileType = sourcecode.swift; path = NewsViewController.swift; sourceTree = "<group>"; };
		D8C2771C28181047005A8942 /* ProfileViewController.swift */ = {isa = PBXFileReference; lastKnownFileType = sourcecode.swift; path = ProfileViewController.swift; sourceTree = "<group>"; };
		D8C277252819348F005A8942 /* HomeViewController.swift */ = {isa = PBXFileReference; lastKnownFileType = sourcecode.swift; path = HomeViewController.swift; sourceTree = "<group>"; };
		D8C2772728193498005A8942 /* Home.storyboard */ = {isa = PBXFileReference; lastKnownFileType = file.storyboard; path = Home.storyboard; sourceTree = "<group>"; };
		D8CCBFDE285DFD2A00F6E8BE /* ThirdNewsViewController.swift */ = {isa = PBXFileReference; lastKnownFileType = sourcecode.swift; path = ThirdNewsViewController.swift; sourceTree = "<group>"; };
		D8D82D712886F2200002F0BD /* MyReviewCommentCell.xib */ = {isa = PBXFileReference; lastKnownFileType = file.xib; path = MyReviewCommentCell.xib; sourceTree = "<group>"; };
		D8FAED94281BBB490092A525 /* ReviewTop.storyboard */ = {isa = PBXFileReference; lastKnownFileType = file.storyboard; path = ReviewTop.storyboard; sourceTree = "<group>"; };
		D8FAED96281BC0200092A525 /* Search.storyboard */ = {isa = PBXFileReference; lastKnownFileType = file.storyboard; path = Search.storyboard; sourceTree = "<group>"; };
		D8FAED98281BC02A0092A525 /* News.storyboard */ = {isa = PBXFileReference; lastKnownFileType = file.storyboard; path = News.storyboard; sourceTree = "<group>"; };
		D8FAED9A281BC0370092A525 /* Profile.storyboard */ = {isa = PBXFileReference; lastKnownFileType = file.storyboard; path = Profile.storyboard; sourceTree = "<group>"; };
		DAA319FDF792ED81FFCD0D28 /* Pods-GameReviewApp.debug.xcconfig */ = {isa = PBXFileReference; includeInIndex = 1; lastKnownFileType = text.xcconfig; name = "Pods-GameReviewApp.debug.xcconfig"; path = "Target Support Files/Pods-GameReviewApp/Pods-GameReviewApp.debug.xcconfig"; sourceTree = "<group>"; };
/* End PBXFileReference section */

/* Begin PBXFrameworksBuildPhase section */
		3019173C28101FAA000EF599 /* Frameworks */ = {
			isa = PBXFrameworksBuildPhase;
			buildActionMask = 2147483647;
			files = (
				34C40CA5DC83DDB97914D122 /* Pods_GameReviewApp.framework in Frameworks */,
			);
			runOnlyForDeploymentPostprocessing = 0;
		};
/* End PBXFrameworksBuildPhase section */

/* Begin PBXGroup section */
		22E32A688A479E1BD158B8B8 /* Frameworks */ = {
			isa = PBXGroup;
			children = (
				403F4F5350306E5F1CEBD5B5 /* Pods_GameReviewApp.framework */,
			);
			name = Frameworks;
			sourceTree = "<group>";
		};
		3019173628101FAA000EF599 = {
			isa = PBXGroup;
			children = (
				3019174128101FAA000EF599 /* GameReviewApp */,
				3019174028101FAA000EF599 /* Products */,
				46AF0AC09DCF1DB9C76091E0 /* Pods */,
				22E32A688A479E1BD158B8B8 /* Frameworks */,
			);
			sourceTree = "<group>";
		};
		3019174028101FAA000EF599 /* Products */ = {
			isa = PBXGroup;
			children = (
				3019173F28101FAA000EF599 /* GameReviewApp.app */,
			);
			name = Products;
			sourceTree = "<group>";
		};
		3019174128101FAA000EF599 /* GameReviewApp */ = {
			isa = PBXGroup;
			children = (
				3019174228101FAA000EF599 /* AppDelegate.swift */,
				3019174428101FAA000EF599 /* SceneDelegate.swift */,
				D8A991D8282B632C00BB3027 /* DetailsGame */,
				30626D2128200DD300C353CE /* CustomCell */,
				D8C2770A2816EEC8005A8942 /* LogIn */,
				D8C2770B2816EF04005A8942 /* Home */,
				D8C2772428193453005A8942 /* ReviewTop */,
				D8C2770E28180E17005A8942 /* Search */,
				D8C2770F28180E69005A8942 /* News */,
				D8C2771028180E89005A8942 /* Profile */,
				3019174E28101FB8000EF599 /* Assets.xcassets */,
				3019175028101FB8000EF599 /* LaunchScreen.storyboard */,
				3019175328101FB8000EF599 /* Info.plist */,
				D8C277062812EE55005A8942 /* GoogleService-Info.plist */,
				3019174B28101FAA000EF599 /* GameReviewApp.xcdatamodeld */,
			);
			path = GameReviewApp;
			sourceTree = "<group>";
		};
		30626D2128200DD300C353CE /* CustomCell */ = {
			isa = PBXGroup;
			children = (
				30626D2228200E0800C353CE /* RecommendCollectionViewCell.swift */,
				30626D2328200E0800C353CE /* RecommendCollectionViewCell.xib */,
			);
			path = CustomCell;
			sourceTree = "<group>";
		};
		46AF0AC09DCF1DB9C76091E0 /* Pods */ = {
			isa = PBXGroup;
			children = (
				DAA319FDF792ED81FFCD0D28 /* Pods-GameReviewApp.debug.xcconfig */,
				7ADA35CF5365EB7C7D0C1C00 /* Pods-GameReviewApp.release.xcconfig */,
			);
			path = Pods;
			sourceTree = "<group>";
		};
		D8A991D8282B632C00BB3027 /* DetailsGame */ = {
			isa = PBXGroup;
			children = (
				D8A991D9282B636300BB3027 /* DetailsGameView.swift */,
				D8A991DB282B637D00BB3027 /* DetailsGameView.xib */,
				D82BAB302843119E008308D4 /* GameReview.swift */,
				D82BAB2E28431177008308D4 /* GameReview.xib */,
				309500BA2846451A00DAD92F /* ItemCaptionView.swift */,
				309500B82846450700DAD92F /* ItemCaptionView.xib */,
				302E53A72858C3C400075815 /* GameReviewComment.swift */,
				302E53A92858C43400075815 /* GameReviewComment.xib */,
				300CB55C285F080B00C145F2 /* UserCommentModel.swift */,
				30D6B04D287470DC0091B1B1 /* MyReviewCommentCell.swift */,
				D8D82D712886F2200002F0BD /* MyReviewCommentCell.xib */,
			);
			path = DetailsGame;
			sourceTree = "<group>";
		};
		D8C2770A2816EEC8005A8942 /* LogIn */ = {
			isa = PBXGroup;
			children = (
				3019174628101FAA000EF599 /* ViewController.swift */,
				30332C4D2811914C00EF0873 /* UsereResistViewController.swift */,
				D82BAB322843393F008308D4 /* CurrentUser.swift */,
				3019174828101FAA000EF599 /* Main.storyboard */,
			);
			path = LogIn;
			sourceTree = "<group>";
		};
		D8C2770B2816EF04005A8942 /* Home */ = {
			isa = PBXGroup;
			children = (
				D8C277252819348F005A8942 /* HomeViewController.swift */,
				D8C2772728193498005A8942 /* Home.storyboard */,
			);
			path = Home;
			sourceTree = "<group>";
		};
		D8C2770E28180E17005A8942 /* Search */ = {
			isa = PBXGroup;
			children = (
				D8C2771228180FC9005A8942 /* SearchViewController.swift */,
				D8FAED96281BC0200092A525 /* Search.storyboard */,
				D8B66209282001F90040D030 /* SearchTableViewCell.swift */,
				D8B6620A282001F90040D030 /* SearchTableViewCell.xib */,
			);
			path = Search;
			sourceTree = "<group>";
		};
		D8C2770F28180E69005A8942 /* News */ = {
			isa = PBXGroup;
			children = (
				D8FAED98281BC02A0092A525 /* News.storyboard */,
				D8C2771628181015005A8942 /* NewsViewController.swift */,
				D8BAD0152847930200632744 /* FirstNewsViewController.swift */,
				D8BAD0112847909800632744 /* SecondNewsViewController.swift */,
				D8CCBFDE285DFD2A00F6E8BE /* ThirdNewsViewController.swift */,
				D803108F284C811B00C4CE17 /* NewsTableViewController.swift */,
				D8031090284C811B00C4CE17 /* NewsTableViewController.xib */,
				D8031093284C819900C4CE17 /* NewsTableViewCell.swift */,
				D8031094284C819900C4CE17 /* NewsTableViewCell.xib */,
				302E53AF285A0C7400075815 /* FeedItem.swift */,
				D874DD542882521E009B2F4D /* NewsWebView.storyboard */,
				D888B1CD28824D5C0095169E /* NewsWebView.swift */,
			);
			path = News;
			sourceTree = "<group>";
		};
		D8C2771028180E89005A8942 /* Profile */ = {
			isa = PBXGroup;
			children = (
				D8C2771C28181047005A8942 /* ProfileViewController.swift */,
				D8FAED9A281BC0370092A525 /* Profile.storyboard */,
			);
			path = Profile;
			sourceTree = "<group>";
		};
		D8C2772428193453005A8942 /* ReviewTop */ = {
			isa = PBXGroup;
			children = (
				D8C2770C2816EF38005A8942 /* ReviewTopViewController.swift */,
				D8FAED94281BBB490092A525 /* ReviewTop.storyboard */,
			);
			path = ReviewTop;
			sourceTree = "<group>";
		};
/* End PBXGroup section */

/* Begin PBXNativeTarget section */
		3019173E28101FAA000EF599 /* GameReviewApp */ = {
			isa = PBXNativeTarget;
			buildConfigurationList = 3019175628101FB8000EF599 /* Build configuration list for PBXNativeTarget "GameReviewApp" */;
			buildPhases = (
				7E6174F46D77CF0529501303 /* [CP] Check Pods Manifest.lock */,
				3019173B28101FAA000EF599 /* Sources */,
				3019173C28101FAA000EF599 /* Frameworks */,
				3019173D28101FAA000EF599 /* Resources */,
				AC4843883F1778EEB22EED47 /* [CP] Embed Pods Frameworks */,
			);
			buildRules = (
			);
			dependencies = (
			);
			name = GameReviewApp;
			productName = GameReviewApp;
			productReference = 3019173F28101FAA000EF599 /* GameReviewApp.app */;
			productType = "com.apple.product-type.application";
		};
/* End PBXNativeTarget section */

/* Begin PBXProject section */
		3019173728101FAA000EF599 /* Project object */ = {
			isa = PBXProject;
			attributes = {
				BuildIndependentTargetsInParallel = 1;
				LastSwiftUpdateCheck = 1330;
				LastUpgradeCheck = 1330;
				TargetAttributes = {
					3019173E28101FAA000EF599 = {
						CreatedOnToolsVersion = 13.3.1;
					};
				};
			};
			buildConfigurationList = 3019173A28101FAA000EF599 /* Build configuration list for PBXProject "GameReviewApp" */;
			compatibilityVersion = "Xcode 13.0";
			developmentRegion = en;
			hasScannedForEncodings = 0;
			knownRegions = (
				en,
				Base,
			);
			mainGroup = 3019173628101FAA000EF599;
			productRefGroup = 3019174028101FAA000EF599 /* Products */;
			projectDirPath = "";
			projectRoot = "";
			targets = (
				3019173E28101FAA000EF599 /* GameReviewApp */,
			);
		};
/* End PBXProject section */

/* Begin PBXResourcesBuildPhase section */
		3019173D28101FAA000EF599 /* Resources */ = {
			isa = PBXResourcesBuildPhase;
			buildActionMask = 2147483647;
			files = (
				309500B92846450700DAD92F /* ItemCaptionView.xib in Resources */,
				3019175228101FB8000EF599 /* LaunchScreen.storyboard in Resources */,
				D8C277072812EE55005A8942 /* GoogleService-Info.plist in Resources */,
				D8C2772828193498005A8942 /* Home.storyboard in Resources */,
				D8A991DC282B637D00BB3027 /* DetailsGameView.xib in Resources */,
				30626D2528200E0800C353CE /* RecommendCollectionViewCell.xib in Resources */,
				D8031096284C819900C4CE17 /* NewsTableViewCell.xib in Resources */,
				D8FAED99281BC02A0092A525 /* News.storyboard in Resources */,
				3019174F28101FB8000EF599 /* Assets.xcassets in Resources */,
				D82BAB2F28431177008308D4 /* GameReview.xib in Resources */,
				D8FAED97281BC0200092A525 /* Search.storyboard in Resources */,
				D8FAED9B281BC0370092A525 /* Profile.storyboard in Resources */,
				D874DD552882521E009B2F4D /* NewsWebView.storyboard in Resources */,
				D8D82D722886F2200002F0BD /* MyReviewCommentCell.xib in Resources */,
				D8FAED95281BBB490092A525 /* ReviewTop.storyboard in Resources */,
				3019174A28101FAA000EF599 /* Main.storyboard in Resources */,
				302E53AA2858C43400075815 /* GameReviewComment.xib in Resources */,
				D8031092284C811C00C4CE17 /* NewsTableViewController.xib in Resources */,
				D8B6620C282001F90040D030 /* SearchTableViewCell.xib in Resources */,
			);
			runOnlyForDeploymentPostprocessing = 0;
		};
/* End PBXResourcesBuildPhase section */

/* Begin PBXShellScriptBuildPhase section */
		7E6174F46D77CF0529501303 /* [CP] Check Pods Manifest.lock */ = {
			isa = PBXShellScriptBuildPhase;
			buildActionMask = 2147483647;
			files = (
			);
			inputFileListPaths = (
			);
			inputPaths = (
				"${PODS_PODFILE_DIR_PATH}/Podfile.lock",
				"${PODS_ROOT}/Manifest.lock",
			);
			name = "[CP] Check Pods Manifest.lock";
			outputFileListPaths = (
			);
			outputPaths = (
				"$(DERIVED_FILE_DIR)/Pods-GameReviewApp-checkManifestLockResult.txt",
			);
			runOnlyForDeploymentPostprocessing = 0;
			shellPath = /bin/sh;
			shellScript = "diff \"${PODS_PODFILE_DIR_PATH}/Podfile.lock\" \"${PODS_ROOT}/Manifest.lock\" > /dev/null\nif [ $? != 0 ] ; then\n    # print error to STDERR\n    echo \"error: The sandbox is not in sync with the Podfile.lock. Run 'pod install' or update your CocoaPods installation.\" >&2\n    exit 1\nfi\n# This output is used by Xcode 'outputs' to avoid re-running this script phase.\necho \"SUCCESS\" > \"${SCRIPT_OUTPUT_FILE_0}\"\n";
			showEnvVarsInLog = 0;
		};
		AC4843883F1778EEB22EED47 /* [CP] Embed Pods Frameworks */ = {
			isa = PBXShellScriptBuildPhase;
			buildActionMask = 2147483647;
			files = (
			);
			inputFileListPaths = (
				"${PODS_ROOT}/Target Support Files/Pods-GameReviewApp/Pods-GameReviewApp-frameworks-${CONFIGURATION}-input-files.xcfilelist",
			);
			name = "[CP] Embed Pods Frameworks";
			outputFileListPaths = (
				"${PODS_ROOT}/Target Support Files/Pods-GameReviewApp/Pods-GameReviewApp-frameworks-${CONFIGURATION}-output-files.xcfilelist",
			);
			runOnlyForDeploymentPostprocessing = 0;
			shellPath = /bin/sh;
			shellScript = "\"${PODS_ROOT}/Target Support Files/Pods-GameReviewApp/Pods-GameReviewApp-frameworks.sh\"\n";
			showEnvVarsInLog = 0;
		};
/* End PBXShellScriptBuildPhase section */

/* Begin PBXSourcesBuildPhase section */
		3019173B28101FAA000EF599 /* Sources */ = {
			isa = PBXSourcesBuildPhase;
			buildActionMask = 2147483647;
			files = (
				D8A991DA282B636300BB3027 /* DetailsGameView.swift in Sources */,
				D8C2770D2816EF38005A8942 /* ReviewTopViewController.swift in Sources */,
				D8031095284C819900C4CE17 /* NewsTableViewCell.swift in Sources */,
				D8C2771328180FC9005A8942 /* SearchViewController.swift in Sources */,
				D82BAB312843119E008308D4 /* GameReview.swift in Sources */,
				3019174728101FAA000EF599 /* ViewController.swift in Sources */,
				302E53B0285A0C7400075815 /* FeedItem.swift in Sources */,
				3019174328101FAA000EF599 /* AppDelegate.swift in Sources */,
				D8B6620B282001F90040D030 /* SearchTableViewCell.swift in Sources */,
				3019174528101FAA000EF599 /* SceneDelegate.swift in Sources */,
				D8BAD0172847930200632744 /* FirstNewsViewController.swift in Sources */,
				309500BB2846451A00DAD92F /* ItemCaptionView.swift in Sources */,
				300CB55D285F080B00C145F2 /* UserCommentModel.swift in Sources */,
				30D6B04F287470DC0091B1B1 /* MyReviewCommentCell.swift in Sources */,
				D888B1CE28824D5C0095169E /* NewsWebView.swift in Sources */,
				D8031091284C811B00C4CE17 /* NewsTableViewController.swift in Sources */,
				30332C4E2811914C00EF0873 /* UsereResistViewController.swift in Sources */,
				D8C277262819348F005A8942 /* HomeViewController.swift in Sources */,
				302E53A82858C3C400075815 /* GameReviewComment.swift in Sources */,
				D82BAB332843393F008308D4 /* CurrentUser.swift in Sources */,
				30626D2428200E0800C353CE /* RecommendCollectionViewCell.swift in Sources */,
				D8BAD0132847909800632744 /* SecondNewsViewController.swift in Sources */,
				D8C2771D28181047005A8942 /* ProfileViewController.swift in Sources */,
				3019174D28101FAA000EF599 /* GameReviewApp.xcdatamodeld in Sources */,
				D8C2771728181015005A8942 /* NewsViewController.swift in Sources */,
				D8CCBFDF285DFD2A00F6E8BE /* ThirdNewsViewController.swift in Sources */,
			);
			runOnlyForDeploymentPostprocessing = 0;
		};
/* End PBXSourcesBuildPhase section */

/* Begin PBXVariantGroup section */
		3019174828101FAA000EF599 /* Main.storyboard */ = {
			isa = PBXVariantGroup;
			children = (
				3019174928101FAA000EF599 /* Base */,
			);
			name = Main.storyboard;
			sourceTree = "<group>";
		};
		3019175028101FB8000EF599 /* LaunchScreen.storyboard */ = {
			isa = PBXVariantGroup;
			children = (
				3019175128101FB8000EF599 /* Base */,
			);
			name = LaunchScreen.storyboard;
			sourceTree = "<group>";
		};
/* End PBXVariantGroup section */

/* Begin XCBuildConfiguration section */
		3019175428101FB8000EF599 /* Debug */ = {
			isa = XCBuildConfiguration;
			buildSettings = {
				ALWAYS_SEARCH_USER_PATHS = NO;
				CLANG_ANALYZER_NONNULL = YES;
				CLANG_ANALYZER_NUMBER_OBJECT_CONVERSION = YES_AGGRESSIVE;
				CLANG_CXX_LANGUAGE_STANDARD = "gnu++17";
				CLANG_ENABLE_MODULES = YES;
				CLANG_ENABLE_OBJC_ARC = YES;
				CLANG_ENABLE_OBJC_WEAK = YES;
				CLANG_WARN_BLOCK_CAPTURE_AUTORELEASING = YES;
				CLANG_WARN_BOOL_CONVERSION = YES;
				CLANG_WARN_COMMA = YES;
				CLANG_WARN_CONSTANT_CONVERSION = YES;
				CLANG_WARN_DEPRECATED_OBJC_IMPLEMENTATIONS = YES;
				CLANG_WARN_DIRECT_OBJC_ISA_USAGE = YES_ERROR;
				CLANG_WARN_DOCUMENTATION_COMMENTS = YES;
				CLANG_WARN_EMPTY_BODY = YES;
				CLANG_WARN_ENUM_CONVERSION = YES;
				CLANG_WARN_INFINITE_RECURSION = YES;
				CLANG_WARN_INT_CONVERSION = YES;
				CLANG_WARN_NON_LITERAL_NULL_CONVERSION = YES;
				CLANG_WARN_OBJC_IMPLICIT_RETAIN_SELF = YES;
				CLANG_WARN_OBJC_LITERAL_CONVERSION = YES;
				CLANG_WARN_OBJC_ROOT_CLASS = YES_ERROR;
				CLANG_WARN_QUOTED_INCLUDE_IN_FRAMEWORK_HEADER = YES;
				CLANG_WARN_RANGE_LOOP_ANALYSIS = YES;
				CLANG_WARN_STRICT_PROTOTYPES = YES;
				CLANG_WARN_SUSPICIOUS_MOVE = YES;
				CLANG_WARN_UNGUARDED_AVAILABILITY = YES_AGGRESSIVE;
				CLANG_WARN_UNREACHABLE_CODE = YES;
				CLANG_WARN__DUPLICATE_METHOD_MATCH = YES;
				COPY_PHASE_STRIP = NO;
				DEBUG_INFORMATION_FORMAT = dwarf;
				ENABLE_STRICT_OBJC_MSGSEND = YES;
				ENABLE_TESTABILITY = YES;
				GCC_C_LANGUAGE_STANDARD = gnu11;
				GCC_DYNAMIC_NO_PIC = NO;
				GCC_NO_COMMON_BLOCKS = YES;
				GCC_OPTIMIZATION_LEVEL = 0;
				GCC_PREPROCESSOR_DEFINITIONS = (
					"DEBUG=1",
					"$(inherited)",
				);
				GCC_WARN_64_TO_32_BIT_CONVERSION = YES;
				GCC_WARN_ABOUT_RETURN_TYPE = YES_ERROR;
				GCC_WARN_UNDECLARED_SELECTOR = YES;
				GCC_WARN_UNINITIALIZED_AUTOS = YES_AGGRESSIVE;
				GCC_WARN_UNUSED_FUNCTION = YES;
				GCC_WARN_UNUSED_VARIABLE = YES;
				IPHONEOS_DEPLOYMENT_TARGET = 15.4;
				MTL_ENABLE_DEBUG_INFO = INCLUDE_SOURCE;
				MTL_FAST_MATH = YES;
				ONLY_ACTIVE_ARCH = YES;
				SDKROOT = iphoneos;
				SWIFT_ACTIVE_COMPILATION_CONDITIONS = DEBUG;
				SWIFT_OPTIMIZATION_LEVEL = "-Onone";
			};
			name = Debug;
		};
		3019175528101FB8000EF599 /* Release */ = {
			isa = XCBuildConfiguration;
			buildSettings = {
				ALWAYS_SEARCH_USER_PATHS = NO;
				CLANG_ANALYZER_NONNULL = YES;
				CLANG_ANALYZER_NUMBER_OBJECT_CONVERSION = YES_AGGRESSIVE;
				CLANG_CXX_LANGUAGE_STANDARD = "gnu++17";
				CLANG_ENABLE_MODULES = YES;
				CLANG_ENABLE_OBJC_ARC = YES;
				CLANG_ENABLE_OBJC_WEAK = YES;
				CLANG_WARN_BLOCK_CAPTURE_AUTORELEASING = YES;
				CLANG_WARN_BOOL_CONVERSION = YES;
				CLANG_WARN_COMMA = YES;
				CLANG_WARN_CONSTANT_CONVERSION = YES;
				CLANG_WARN_DEPRECATED_OBJC_IMPLEMENTATIONS = YES;
				CLANG_WARN_DIRECT_OBJC_ISA_USAGE = YES_ERROR;
				CLANG_WARN_DOCUMENTATION_COMMENTS = YES;
				CLANG_WARN_EMPTY_BODY = YES;
				CLANG_WARN_ENUM_CONVERSION = YES;
				CLANG_WARN_INFINITE_RECURSION = YES;
				CLANG_WARN_INT_CONVERSION = YES;
				CLANG_WARN_NON_LITERAL_NULL_CONVERSION = YES;
				CLANG_WARN_OBJC_IMPLICIT_RETAIN_SELF = YES;
				CLANG_WARN_OBJC_LITERAL_CONVERSION = YES;
				CLANG_WARN_OBJC_ROOT_CLASS = YES_ERROR;
				CLANG_WARN_QUOTED_INCLUDE_IN_FRAMEWORK_HEADER = YES;
				CLANG_WARN_RANGE_LOOP_ANALYSIS = YES;
				CLANG_WARN_STRICT_PROTOTYPES = YES;
				CLANG_WARN_SUSPICIOUS_MOVE = YES;
				CLANG_WARN_UNGUARDED_AVAILABILITY = YES_AGGRESSIVE;
				CLANG_WARN_UNREACHABLE_CODE = YES;
				CLANG_WARN__DUPLICATE_METHOD_MATCH = YES;
				COPY_PHASE_STRIP = NO;
				DEBUG_INFORMATION_FORMAT = "dwarf-with-dsym";
				ENABLE_NS_ASSERTIONS = NO;
				ENABLE_STRICT_OBJC_MSGSEND = YES;
				GCC_C_LANGUAGE_STANDARD = gnu11;
				GCC_NO_COMMON_BLOCKS = YES;
				GCC_WARN_64_TO_32_BIT_CONVERSION = YES;
				GCC_WARN_ABOUT_RETURN_TYPE = YES_ERROR;
				GCC_WARN_UNDECLARED_SELECTOR = YES;
				GCC_WARN_UNINITIALIZED_AUTOS = YES_AGGRESSIVE;
				GCC_WARN_UNUSED_FUNCTION = YES;
				GCC_WARN_UNUSED_VARIABLE = YES;
				IPHONEOS_DEPLOYMENT_TARGET = 15.4;
				MTL_ENABLE_DEBUG_INFO = NO;
				MTL_FAST_MATH = YES;
				SDKROOT = iphoneos;
				SWIFT_COMPILATION_MODE = wholemodule;
				SWIFT_OPTIMIZATION_LEVEL = "-O";
				VALIDATE_PRODUCT = YES;
			};
			name = Release;
		};
		3019175728101FB8000EF599 /* Debug */ = {
			isa = XCBuildConfiguration;
			baseConfigurationReference = DAA319FDF792ED81FFCD0D28 /* Pods-GameReviewApp.debug.xcconfig */;
			buildSettings = {
				ASSETCATALOG_COMPILER_APPICON_NAME = AppIcon;
				ASSETCATALOG_COMPILER_GLOBAL_ACCENT_COLOR_NAME = AccentColor;
				CODE_SIGN_STYLE = Automatic;
				CURRENT_PROJECT_VERSION = 1;
				DEVELOPMENT_TEAM = JVBXTKDCY5;
				GENERATE_INFOPLIST_FILE = YES;
				INFOPLIST_FILE = GameReviewApp/Info.plist;
				INFOPLIST_KEY_UIApplicationSupportsIndirectInputEvents = YES;
				INFOPLIST_KEY_UILaunchStoryboardName = LaunchScreen;
				INFOPLIST_KEY_UIMainStoryboardFile = Main;
				INFOPLIST_KEY_UISupportedInterfaceOrientations_iPad = "UIInterfaceOrientationPortrait UIInterfaceOrientationPortraitUpsideDown UIInterfaceOrientationLandscapeLeft UIInterfaceOrientationLandscapeRight";
				INFOPLIST_KEY_UISupportedInterfaceOrientations_iPhone = "UIInterfaceOrientationPortrait UIInterfaceOrientationLandscapeLeft UIInterfaceOrientationLandscapeRight";
				IPHONEOS_DEPLOYMENT_TARGET = 14.6;
				LD_RUNPATH_SEARCH_PATHS = (
					"$(inherited)",
					"@executable_path/Frameworks",
				);
				MARKETING_VERSION = 1.0;
				PRODUCT_BUNDLE_IDENTIFIER = kazuhiro.GameReviewApp;
				PRODUCT_NAME = "$(TARGET_NAME)";
				SWIFT_EMIT_LOC_STRINGS = YES;
				SWIFT_VERSION = 5.0;
				TARGETED_DEVICE_FAMILY = 1;
			};
			name = Debug;
		};
		3019175828101FB8000EF599 /* Release */ = {
			isa = XCBuildConfiguration;
			baseConfigurationReference = 7ADA35CF5365EB7C7D0C1C00 /* Pods-GameReviewApp.release.xcconfig */;
			buildSettings = {
				ASSETCATALOG_COMPILER_APPICON_NAME = AppIcon;
				ASSETCATALOG_COMPILER_GLOBAL_ACCENT_COLOR_NAME = AccentColor;
				CODE_SIGN_STYLE = Automatic;
				CURRENT_PROJECT_VERSION = 1;
				DEVELOPMENT_TEAM = JVBXTKDCY5;
				GENERATE_INFOPLIST_FILE = YES;
				INFOPLIST_FILE = GameReviewApp/Info.plist;
				INFOPLIST_KEY_UIApplicationSupportsIndirectInputEvents = YES;
				INFOPLIST_KEY_UILaunchStoryboardName = LaunchScreen;
				INFOPLIST_KEY_UIMainStoryboardFile = Main;
				INFOPLIST_KEY_UISupportedInterfaceOrientations_iPad = "UIInterfaceOrientationPortrait UIInterfaceOrientationPortraitUpsideDown UIInterfaceOrientationLandscapeLeft UIInterfaceOrientationLandscapeRight";
				INFOPLIST_KEY_UISupportedInterfaceOrientations_iPhone = "UIInterfaceOrientationPortrait UIInterfaceOrientationLandscapeLeft UIInterfaceOrientationLandscapeRight";
				IPHONEOS_DEPLOYMENT_TARGET = 14.6;
				LD_RUNPATH_SEARCH_PATHS = (
					"$(inherited)",
					"@executable_path/Frameworks",
				);
				MARKETING_VERSION = 1.0;
				PRODUCT_BUNDLE_IDENTIFIER = kazuhiro.GameReviewApp;
				PRODUCT_NAME = "$(TARGET_NAME)";
				SWIFT_EMIT_LOC_STRINGS = YES;
				SWIFT_VERSION = 5.0;
				TARGETED_DEVICE_FAMILY = 1;
			};
			name = Release;
		};
/* End XCBuildConfiguration section */

/* Begin XCConfigurationList section */
		3019173A28101FAA000EF599 /* Build configuration list for PBXProject "GameReviewApp" */ = {
			isa = XCConfigurationList;
			buildConfigurations = (
				3019175428101FB8000EF599 /* Debug */,
				3019175528101FB8000EF599 /* Release */,
			);
			defaultConfigurationIsVisible = 0;
			defaultConfigurationName = Release;
		};
		3019175628101FB8000EF599 /* Build configuration list for PBXNativeTarget "GameReviewApp" */ = {
			isa = XCConfigurationList;
			buildConfigurations = (
				3019175728101FB8000EF599 /* Debug */,
				3019175828101FB8000EF599 /* Release */,
			);
			defaultConfigurationIsVisible = 0;
			defaultConfigurationName = Release;
		};
/* End XCConfigurationList section */

/* Begin XCVersionGroup section */
		3019174B28101FAA000EF599 /* GameReviewApp.xcdatamodeld */ = {
			isa = XCVersionGroup;
			children = (
				3019174C28101FAA000EF599 /* GameReviewApp.xcdatamodel */,
			);
			currentVersion = 3019174C28101FAA000EF599 /* GameReviewApp.xcdatamodel */;
			path = GameReviewApp.xcdatamodeld;
			sourceTree = "<group>";
			versionGroupType = wrapper.xcdatamodel;
		};
/* End XCVersionGroup section */
	};
	rootObject = 3019173728101FAA000EF599 /* Project object */;
}
